{
    "version": 3,
    "terraform_version": "0.11.14",
    "serial": 6,
    "lineage": "d3171033-dbe2-fcd1-084e-19b0772be735",
    "modules": [
        {
            "path": [
                "root"
            ],
            "outputs": {
                "jumpbox_public_ip": {
                    "sensitive": false,
                    "type": "string",
                    "value": "eptbdw-ssh.westus.cloudapp.azure.com"
                },
                "vms_public_ip": {
                    "sensitive": false,
                    "type": "string",
                    "value": "eptbdw.westus.cloudapp.azure.com"
                }
            },
            "resources": {
                "azurerm_lb.vmss": {
                    "type": "azurerm_lb",
                    "depends_on": [
                        "azurerm_public_ip.vmss",
                        "azurerm_resource_group.vmss"
                    ],
                    "primary": {
                        "id": "/subscriptions/821d6eee-fe66-4c21-8e8b-ab80122b0d35/resourceGroups/terraformTest/providers/Microsoft.Network/loadBalancers/vmss-lb",
                        "attributes": {
                            "frontend_ip_configuration.#": "1",
                            "frontend_ip_configuration.0.inbound_nat_rules.#": "0",
                            "frontend_ip_configuration.0.load_balancer_rules.#": "1",
                            "frontend_ip_configuration.0.load_balancer_rules.3523412446": "/subscriptions/821d6eee-fe66-4c21-8e8b-ab80122b0d35/resourceGroups/terraformTest/providers/Microsoft.Network/loadBalancers/vmss-lb/loadBalancingRules/http",
                            "frontend_ip_configuration.0.name": "PublicIPAddress",
                            "frontend_ip_configuration.0.outbound_rules.#": "0",
                            "frontend_ip_configuration.0.private_ip_address": "",
                            "frontend_ip_configuration.0.private_ip_address_allocation": "Dynamic",
                            "frontend_ip_configuration.0.public_ip_address_id": "/subscriptions/821d6eee-fe66-4c21-8e8b-ab80122b0d35/resourceGroups/terraformTest/providers/Microsoft.Network/publicIPAddresses/vmss-public-ip",
                            "frontend_ip_configuration.0.subnet_id": "",
                            "frontend_ip_configuration.0.zones.#": "0",
                            "id": "/subscriptions/821d6eee-fe66-4c21-8e8b-ab80122b0d35/resourceGroups/terraformTest/providers/Microsoft.Network/loadBalancers/vmss-lb",
                            "location": "westus",
                            "name": "vmss-lb",
                            "private_ip_address": "",
                            "private_ip_addresses.#": "0",
                            "resource_group_name": "terraformTest",
                            "sku": "Basic",
                            "tags.%": "1",
                            "tags.environment": "testing"
                        },
                        "meta": {},
                        "tainted": false
                    },
                    "deposed": [],
                    "provider": "provider.azurerm"
                },
                "azurerm_lb_backend_address_pool.bpepool": {
                    "type": "azurerm_lb_backend_address_pool",
                    "depends_on": [
                        "azurerm_lb.vmss",
                        "azurerm_resource_group.vmss"
                    ],
                    "primary": {
                        "id": "/subscriptions/821d6eee-fe66-4c21-8e8b-ab80122b0d35/resourceGroups/terraformTest/providers/Microsoft.Network/loadBalancers/vmss-lb/backendAddressPools/BackEndAddressPool",
                        "attributes": {
                            "backend_ip_configurations.#": "2",
                            "backend_ip_configurations.3731676139": "/subscriptions/821d6eee-fe66-4c21-8e8b-ab80122b0d35/resourceGroups/terraformTest/providers/Microsoft.Compute/virtualMachineScaleSets/vmscaleset/virtualMachines/0/networkInterfaces/terraformnetworkprofile/ipConfigurations/IPConfiguration",
                            "backend_ip_configurations.429440982": "/subscriptions/821d6eee-fe66-4c21-8e8b-ab80122b0d35/resourceGroups/terraformTest/providers/Microsoft.Compute/virtualMachineScaleSets/vmscaleset/virtualMachines/2/networkInterfaces/terraformnetworkprofile/ipConfigurations/IPConfiguration",
                            "id": "/subscriptions/821d6eee-fe66-4c21-8e8b-ab80122b0d35/resourceGroups/terraformTest/providers/Microsoft.Network/loadBalancers/vmss-lb/backendAddressPools/BackEndAddressPool",
                            "load_balancing_rules.#": "1",
                            "load_balancing_rules.3523412446": "/subscriptions/821d6eee-fe66-4c21-8e8b-ab80122b0d35/resourceGroups/terraformTest/providers/Microsoft.Network/loadBalancers/vmss-lb/loadBalancingRules/http",
                            "loadbalancer_id": "/subscriptions/821d6eee-fe66-4c21-8e8b-ab80122b0d35/resourceGroups/terraformTest/providers/Microsoft.Network/loadBalancers/vmss-lb",
                            "name": "BackEndAddressPool",
                            "resource_group_name": "terraformTest"
                        },
                        "meta": {},
                        "tainted": false
                    },
                    "deposed": [],
                    "provider": "provider.azurerm"
                },
                "azurerm_lb_probe.vmss": {
                    "type": "azurerm_lb_probe",
                    "depends_on": [
                        "azurerm_lb.vmss",
                        "azurerm_resource_group.vmss"
                    ],
                    "primary": {
                        "id": "/subscriptions/821d6eee-fe66-4c21-8e8b-ab80122b0d35/resourceGroups/terraformTest/providers/Microsoft.Network/loadBalancers/vmss-lb/probes/ssh-running-probe",
                        "attributes": {
                            "id": "/subscriptions/821d6eee-fe66-4c21-8e8b-ab80122b0d35/resourceGroups/terraformTest/providers/Microsoft.Network/loadBalancers/vmss-lb/probes/ssh-running-probe",
                            "interval_in_seconds": "15",
                            "load_balancer_rules.#": "1",
                            "load_balancer_rules.3523412446": "/subscriptions/821d6eee-fe66-4c21-8e8b-ab80122b0d35/resourceGroups/terraformTest/providers/Microsoft.Network/loadBalancers/vmss-lb/loadBalancingRules/http",
                            "loadbalancer_id": "/subscriptions/821d6eee-fe66-4c21-8e8b-ab80122b0d35/resourceGroups/terraformTest/providers/Microsoft.Network/loadBalancers/vmss-lb",
                            "name": "ssh-running-probe",
                            "number_of_probes": "2",
                            "port": "80",
                            "protocol": "Tcp",
                            "request_path": "",
                            "resource_group_name": "terraformTest"
                        },
                        "meta": {},
                        "tainted": false
                    },
                    "deposed": [],
                    "provider": "provider.azurerm"
                },
                "azurerm_lb_rule.lbnatrule": {
                    "type": "azurerm_lb_rule",
                    "depends_on": [
                        "azurerm_lb.vmss",
                        "azurerm_lb_backend_address_pool.bpepool",
                        "azurerm_lb_probe.vmss",
                        "azurerm_resource_group.vmss"
                    ],
                    "primary": {
                        "id": "/subscriptions/821d6eee-fe66-4c21-8e8b-ab80122b0d35/resourceGroups/terraformTest/providers/Microsoft.Network/loadBalancers/vmss-lb/loadBalancingRules/http",
                        "attributes": {
                            "backend_address_pool_id": "/subscriptions/821d6eee-fe66-4c21-8e8b-ab80122b0d35/resourceGroups/terraformTest/providers/Microsoft.Network/loadBalancers/vmss-lb/backendAddressPools/BackEndAddressPool",
                            "backend_port": "80",
                            "enable_floating_ip": "false",
                            "frontend_ip_configuration_id": "/subscriptions/821d6eee-fe66-4c21-8e8b-ab80122b0d35/resourceGroups/terraformTest/providers/Microsoft.Network/loadBalancers/vmss-lb/frontendIPConfigurations/PublicIPAddress",
                            "frontend_ip_configuration_name": "PublicIPAddress",
                            "frontend_port": "80",
                            "id": "/subscriptions/821d6eee-fe66-4c21-8e8b-ab80122b0d35/resourceGroups/terraformTest/providers/Microsoft.Network/loadBalancers/vmss-lb/loadBalancingRules/http",
                            "idle_timeout_in_minutes": "4",
                            "load_distribution": "Default",
                            "loadbalancer_id": "/subscriptions/821d6eee-fe66-4c21-8e8b-ab80122b0d35/resourceGroups/terraformTest/providers/Microsoft.Network/loadBalancers/vmss-lb",
                            "name": "http",
                            "probe_id": "/subscriptions/821d6eee-fe66-4c21-8e8b-ab80122b0d35/resourceGroups/terraformTest/providers/Microsoft.Network/loadBalancers/vmss-lb/probes/ssh-running-probe",
                            "protocol": "Tcp",
                            "resource_group_name": "terraformTest"
                        },
                        "meta": {},
                        "tainted": false
                    },
                    "deposed": [],
                    "provider": "provider.azurerm"
                },
                "azurerm_network_interface.jumpbox": {
                    "type": "azurerm_network_interface",
                    "depends_on": [
                        "azurerm_public_ip.jumpbox",
                        "azurerm_resource_group.vmss",
                        "azurerm_subnet.vmss"
                    ],
                    "primary": {
                        "id": "/subscriptions/821d6eee-fe66-4c21-8e8b-ab80122b0d35/resourceGroups/terraformTest/providers/Microsoft.Network/networkInterfaces/jumpbox-nic",
                        "attributes": {
                            "applied_dns_servers.#": "0",
                            "dns_servers.#": "0",
                            "enable_accelerated_networking": "false",
                            "enable_ip_forwarding": "false",
                            "id": "/subscriptions/821d6eee-fe66-4c21-8e8b-ab80122b0d35/resourceGroups/terraformTest/providers/Microsoft.Network/networkInterfaces/jumpbox-nic",
                            "internal_dns_name_label": "",
                            "internal_fqdn": "",
                            "ip_configuration.#": "1",
                            "ip_configuration.0.application_gateway_backend_address_pools_ids.#": "0",
                            "ip_configuration.0.application_security_group_ids.#": "0",
                            "ip_configuration.0.load_balancer_backend_address_pools_ids.#": "0",
                            "ip_configuration.0.load_balancer_inbound_nat_rules_ids.#": "0",
                            "ip_configuration.0.name": "IPConfiguration",
                            "ip_configuration.0.primary": "true",
                            "ip_configuration.0.private_ip_address": "",
                            "ip_configuration.0.private_ip_address_allocation": "dynamic",
                            "ip_configuration.0.private_ip_address_version": "IPv4",
                            "ip_configuration.0.public_ip_address_id": "/subscriptions/821d6eee-fe66-4c21-8e8b-ab80122b0d35/resourceGroups/terraformTest/providers/Microsoft.Network/publicIPAddresses/jumpbox-public-ip",
                            "ip_configuration.0.subnet_id": "/subscriptions/821d6eee-fe66-4c21-8e8b-ab80122b0d35/resourceGroups/terraformTest/providers/Microsoft.Network/virtualNetworks/vmss-net/subnets/vmss-subnet",
                            "location": "westus",
                            "mac_address": "",
                            "name": "jumpbox-nic",
                            "network_security_group_id": "",
                            "private_ip_address": "10.0.2.5",
                            "private_ip_addresses.#": "1",
                            "private_ip_addresses.0": "10.0.2.5",
                            "resource_group_name": "terraformTest",
                            "tags.%": "1",
                            "tags.environment": "testing"
                        },
                        "meta": {},
                        "tainted": false
                    },
                    "deposed": [],
                    "provider": "provider.azurerm"
                },
                "azurerm_public_ip.jumpbox": {
                    "type": "azurerm_public_ip",
                    "depends_on": [
                        "azurerm_resource_group.vmss",
                        "random_string.fqdn"
                    ],
                    "primary": {
                        "id": "/subscriptions/821d6eee-fe66-4c21-8e8b-ab80122b0d35/resourceGroups/terraformTest/providers/Microsoft.Network/publicIPAddresses/jumpbox-public-ip",
                        "attributes": {
                            "allocation_method": "Static",
                            "domain_name_label": "eptbdw-ssh",
                            "fqdn": "eptbdw-ssh.westus.cloudapp.azure.com",
                            "id": "/subscriptions/821d6eee-fe66-4c21-8e8b-ab80122b0d35/resourceGroups/terraformTest/providers/Microsoft.Network/publicIPAddresses/jumpbox-public-ip",
                            "idle_timeout_in_minutes": "4",
                            "ip_address": "40.78.92.226",
                            "ip_version": "IPv4",
                            "location": "westus",
                            "name": "jumpbox-public-ip",
                            "public_ip_address_allocation": "Static",
                            "resource_group_name": "terraformTest",
                            "reverse_fqdn": "",
                            "sku": "Basic",
                            "tags.%": "1",
                            "tags.environment": "testing",
                            "zones.#": "0"
                        },
                        "meta": {},
                        "tainted": false
                    },
                    "deposed": [],
                    "provider": "provider.azurerm"
                },
                "azurerm_public_ip.vmss": {
                    "type": "azurerm_public_ip",
                    "depends_on": [
                        "azurerm_resource_group.vmss",
                        "random_string.fqdn"
                    ],
                    "primary": {
                        "id": "/subscriptions/821d6eee-fe66-4c21-8e8b-ab80122b0d35/resourceGroups/terraformTest/providers/Microsoft.Network/publicIPAddresses/vmss-public-ip",
                        "attributes": {
                            "allocation_method": "Static",
                            "domain_name_label": "eptbdw",
                            "fqdn": "eptbdw.westus.cloudapp.azure.com",
                            "id": "/subscriptions/821d6eee-fe66-4c21-8e8b-ab80122b0d35/resourceGroups/terraformTest/providers/Microsoft.Network/publicIPAddresses/vmss-public-ip",
                            "idle_timeout_in_minutes": "4",
                            "ip_address": "40.112.180.191",
                            "ip_version": "IPv4",
                            "location": "westus",
                            "name": "vmss-public-ip",
                            "public_ip_address_allocation": "Static",
                            "resource_group_name": "terraformTest",
                            "reverse_fqdn": "",
                            "sku": "Basic",
                            "tags.%": "1",
                            "tags.environment": "testing",
                            "zones.#": "0"
                        },
                        "meta": {},
                        "tainted": false
                    },
                    "deposed": [],
                    "provider": "provider.azurerm"
                },
                "azurerm_resource_group.vmss": {
                    "type": "azurerm_resource_group",
                    "depends_on": [],
                    "primary": {
                        "id": "/subscriptions/821d6eee-fe66-4c21-8e8b-ab80122b0d35/resourceGroups/terraformTest",
                        "attributes": {
                            "id": "/subscriptions/821d6eee-fe66-4c21-8e8b-ab80122b0d35/resourceGroups/terraformTest",
                            "location": "westus",
                            "name": "terraformTest",
                            "tags.%": "1",
                            "tags.environment": "testing"
                        },
                        "meta": {},
                        "tainted": false
                    },
                    "deposed": [],
                    "provider": "provider.azurerm"
                },
                "azurerm_subnet.vmss": {
                    "type": "azurerm_subnet",
                    "depends_on": [
                        "azurerm_resource_group.vmss",
                        "azurerm_virtual_network.vmss"
                    ],
                    "primary": {
                        "id": "/subscriptions/821d6eee-fe66-4c21-8e8b-ab80122b0d35/resourceGroups/terraformTest/providers/Microsoft.Network/virtualNetworks/vmss-net/subnets/vmss-subnet",
                        "attributes": {
                            "address_prefix": "10.0.2.0/24",
                            "delegation.#": "0",
                            "id": "/subscriptions/821d6eee-fe66-4c21-8e8b-ab80122b0d35/resourceGroups/terraformTest/providers/Microsoft.Network/virtualNetworks/vmss-net/subnets/vmss-subnet",
                            "ip_configurations.#": "2",
                            "ip_configurations.3731676139": "/subscriptions/821d6eee-fe66-4c21-8e8b-ab80122b0d35/resourceGroups/terraformTest/providers/Microsoft.Compute/virtualMachineScaleSets/vmscaleset/virtualMachines/0/networkInterfaces/terraformnetworkprofile/ipConfigurations/IPConfiguration",
                            "ip_configurations.429440982": "/subscriptions/821d6eee-fe66-4c21-8e8b-ab80122b0d35/resourceGroups/terraformTest/providers/Microsoft.Compute/virtualMachineScaleSets/vmscaleset/virtualMachines/2/networkInterfaces/terraformnetworkprofile/ipConfigurations/IPConfiguration",
                            "name": "vmss-subnet",
                            "network_security_group_id": "",
                            "resource_group_name": "terraformTest",
                            "route_table_id": "",
                            "service_endpoints.#": "0",
                            "virtual_network_name": "vmss-net"
                        },
                        "meta": {},
                        "tainted": false
                    },
                    "deposed": [],
                    "provider": "provider.azurerm"
                },
                "azurerm_virtual_machine.jumpbox": {
                    "type": "azurerm_virtual_machine",
                    "depends_on": [
                        "azurerm_network_interface.jumpbox",
                        "azurerm_resource_group.vmss"
                    ],
                    "primary": {
                        "id": "/subscriptions/821d6eee-fe66-4c21-8e8b-ab80122b0d35/resourceGroups/terraformTest/providers/Microsoft.Compute/virtualMachines/jumpbox",
                        "attributes": {
                            "delete_data_disks_on_termination": "false",
                            "delete_os_disk_on_termination": "false",
                            "id": "/subscriptions/821d6eee-fe66-4c21-8e8b-ab80122b0d35/resourceGroups/terraformTest/providers/Microsoft.Compute/virtualMachines/jumpbox",
                            "identity.#": "0",
                            "location": "westus",
                            "name": "jumpbox",
                            "network_interface_ids.#": "1",
                            "network_interface_ids.0": "/subscriptions/821d6eee-fe66-4c21-8e8b-ab80122b0d35/resourceGroups/terraformTest/providers/Microsoft.Network/networkInterfaces/jumpbox-nic",
                            "os_profile.#": "1",
                            "os_profile.2891018674.admin_password": "",
                            "os_profile.2891018674.admin_username": "azureuser",
                            "os_profile.2891018674.computer_name": "jumpbox",
                            "os_profile.2891018674.custom_data": "",
                            "os_profile_linux_config.#": "1",
                            "os_profile_linux_config.2972667452.disable_password_authentication": "false",
                            "os_profile_linux_config.2972667452.ssh_keys.#": "0",
                            "os_profile_secrets.#": "0",
                            "os_profile_windows_config.#": "0",
                            "plan.#": "0",
                            "resource_group_name": "terraformTest",
                            "storage_data_disk.#": "0",
                            "storage_image_reference.#": "1",
                            "storage_image_reference.1458860473.id": "",
                            "storage_image_reference.1458860473.offer": "UbuntuServer",
                            "storage_image_reference.1458860473.publisher": "Canonical",
                            "storage_image_reference.1458860473.sku": "16.04-LTS",
                            "storage_image_reference.1458860473.version": "latest",
                            "storage_os_disk.#": "1",
                            "storage_os_disk.0.caching": "ReadWrite",
                            "storage_os_disk.0.create_option": "FromImage",
                            "storage_os_disk.0.disk_size_gb": "30",
                            "storage_os_disk.0.image_uri": "",
                            "storage_os_disk.0.managed_disk_id": "/subscriptions/821d6eee-fe66-4c21-8e8b-ab80122b0d35/resourceGroups/terraformTest/providers/Microsoft.Compute/disks/jumpbox-osdisk",
                            "storage_os_disk.0.managed_disk_type": "Standard_LRS",
                            "storage_os_disk.0.name": "jumpbox-osdisk",
                            "storage_os_disk.0.os_type": "Linux",
                            "storage_os_disk.0.vhd_uri": "",
                            "storage_os_disk.0.write_accelerator_enabled": "false",
                            "tags.%": "1",
                            "tags.environment": "testing",
                            "vm_size": "Standard_DS1_v2",
                            "zones.#": "0"
                        },
                        "meta": {},
                        "tainted": false
                    },
                    "deposed": [],
                    "provider": "provider.azurerm"
                },
                "azurerm_virtual_machine_scale_set.vmss": {
                    "type": "azurerm_virtual_machine_scale_set",
                    "depends_on": [
                        "azurerm_lb_backend_address_pool.bpepool",
                        "azurerm_resource_group.vmss",
                        "azurerm_subnet.vmss"
                    ],
                    "primary": {
                        "id": "/subscriptions/821d6eee-fe66-4c21-8e8b-ab80122b0d35/resourceGroups/terraformTest/providers/Microsoft.Compute/virtualMachineScaleSets/vmscaleset",
                        "attributes": {
                            "automatic_os_upgrade": "false",
                            "eviction_policy": "",
                            "extension.#": "0",
                            "id": "/subscriptions/821d6eee-fe66-4c21-8e8b-ab80122b0d35/resourceGroups/terraformTest/providers/Microsoft.Compute/virtualMachineScaleSets/vmscaleset",
                            "identity.#": "0",
                            "license_type": "",
                            "location": "westus",
                            "name": "vmscaleset",
                            "network_profile.#": "1",
                            "network_profile.1942349404.accelerated_networking": "false",
                            "network_profile.1942349404.dns_settings.#": "1",
                            "network_profile.1942349404.dns_settings.0.dns_servers.#": "0",
                            "network_profile.1942349404.ip_configuration.#": "1",
                            "network_profile.1942349404.ip_configuration.0.application_gateway_backend_address_pool_ids.#": "0",
                            "network_profile.1942349404.ip_configuration.0.application_security_group_ids.#": "0",
                            "network_profile.1942349404.ip_configuration.0.load_balancer_backend_address_pool_ids.#": "1",
                            "network_profile.1942349404.ip_configuration.0.load_balancer_backend_address_pool_ids.708150148": "/subscriptions/821d6eee-fe66-4c21-8e8b-ab80122b0d35/resourceGroups/terraformTest/providers/Microsoft.Network/loadBalancers/vmss-lb/backendAddressPools/BackEndAddressPool",
                            "network_profile.1942349404.ip_configuration.0.load_balancer_inbound_nat_rules_ids.#": "0",
                            "network_profile.1942349404.ip_configuration.0.name": "IPConfiguration",
                            "network_profile.1942349404.ip_configuration.0.primary": "true",
                            "network_profile.1942349404.ip_configuration.0.public_ip_address_configuration.#": "0",
                            "network_profile.1942349404.ip_configuration.0.subnet_id": "/subscriptions/821d6eee-fe66-4c21-8e8b-ab80122b0d35/resourceGroups/terraformTest/providers/Microsoft.Network/virtualNetworks/vmss-net/subnets/vmss-subnet",
                            "network_profile.1942349404.ip_forwarding": "false",
                            "network_profile.1942349404.name": "terraformnetworkprofile",
                            "network_profile.1942349404.network_security_group_id": "",
                            "network_profile.1942349404.primary": "true",
                            "os_profile.#": "1",
                            "os_profile.0.admin_password": "12345Ab#",
                            "os_profile.0.admin_username": "azureuser",
                            "os_profile.0.computer_name_prefix": "vmlab",
                            "os_profile.0.custom_data": "I2Nsb3VkLWNvbmZpZw0KcGFja2FnZXM6DQogLSBuZ2lueA==",
                            "os_profile_linux_config.#": "1",
                            "os_profile_linux_config.2972667452.disable_password_authentication": "false",
                            "os_profile_linux_config.2972667452.ssh_keys.#": "0",
                            "os_profile_secrets.#": "0",
                            "overprovision": "true",
                            "priority": "",
                            "resource_group_name": "terraformTest",
                            "single_placement_group": "true",
                            "sku.#": "1",
                            "sku.0.capacity": "2",
                            "sku.0.name": "Standard_DS1_v2",
                            "sku.0.tier": "Standard",
                            "storage_profile_data_disk.#": "1",
                            "storage_profile_data_disk.0.caching": "ReadWrite",
                            "storage_profile_data_disk.0.create_option": "Empty",
                            "storage_profile_data_disk.0.disk_size_gb": "10",
                            "storage_profile_data_disk.0.lun": "0",
                            "storage_profile_data_disk.0.managed_disk_type": "Standard_LRS",
                            "storage_profile_image_reference.#": "1",
                            "storage_profile_image_reference.4248655398.id": "",
                            "storage_profile_image_reference.4248655398.offer": "UbuntuServer",
                            "storage_profile_image_reference.4248655398.publisher": "Canonical",
                            "storage_profile_image_reference.4248655398.sku": "16.04-LTS",
                            "storage_profile_image_reference.4248655398.version": "latest",
                            "storage_profile_os_disk.#": "1",
                            "storage_profile_os_disk.1497306818.caching": "ReadWrite",
                            "storage_profile_os_disk.1497306818.create_option": "FromImage",
                            "storage_profile_os_disk.1497306818.image": "",
                            "storage_profile_os_disk.1497306818.managed_disk_type": "Standard_LRS",
                            "storage_profile_os_disk.1497306818.name": "",
                            "storage_profile_os_disk.1497306818.os_type": "",
                            "storage_profile_os_disk.1497306818.vhd_containers.#": "0",
                            "tags.%": "1",
                            "tags.environment": "testing",
                            "upgrade_policy_mode": "Manual",
                            "zones.#": "0"
                        },
                        "meta": {
                            "schema_version": "1"
                        },
                        "tainted": false
                    },
                    "deposed": [],
                    "provider": "provider.azurerm"
                },
                "azurerm_virtual_network.vmss": {
                    "type": "azurerm_virtual_network",
                    "depends_on": [
                        "azurerm_resource_group.vmss"
                    ],
                    "primary": {
                        "id": "/subscriptions/821d6eee-fe66-4c21-8e8b-ab80122b0d35/resourceGroups/terraformTest/providers/Microsoft.Network/virtualNetworks/vmss-net",
                        "attributes": {
                            "address_space.#": "1",
                            "address_space.0": "10.0.0.0/16",
                            "ddos_protection_plan.#": "0",
                            "dns_servers.#": "0",
                            "id": "/subscriptions/821d6eee-fe66-4c21-8e8b-ab80122b0d35/resourceGroups/terraformTest/providers/Microsoft.Network/virtualNetworks/vmss-net",
                            "location": "westus",
                            "name": "vmss-net",
                            "resource_group_name": "terraformTest",
                            "subnet.#": "1",
                            "subnet.229738014.address_prefix": "10.0.2.0/24",
                            "subnet.229738014.id": "/subscriptions/821d6eee-fe66-4c21-8e8b-ab80122b0d35/resourceGroups/terraformTest/providers/Microsoft.Network/virtualNetworks/vmss-net/subnets/vmss-subnet",
                            "subnet.229738014.name": "vmss-subnet",
                            "subnet.229738014.security_group": "",
                            "tags.%": "1",
                            "tags.environment": "testing"
                        },
                        "meta": {},
                        "tainted": false
                    },
                    "deposed": [],
                    "provider": "provider.azurerm"
                },
                "random_string.fqdn": {
                    "type": "random_string",
                    "depends_on": [],
                    "primary": {
                        "id": "none",
                        "attributes": {
                            "id": "none",
                            "length": "6",
                            "lower": "true",
                            "min_lower": "0",
                            "min_numeric": "0",
                            "min_special": "0",
                            "min_upper": "0",
                            "number": "false",
                            "result": "eptbdw",
                            "special": "false",
                            "upper": "false"
                        },
                        "meta": {
                            "schema_version": "1"
                        },
                        "tainted": false
                    },
                    "deposed": [],
                    "provider": "provider.random"
                }
            },
            "depends_on": []
        }
    ]
}
